
Microsoft Visual Studio Solution File, Format Version 12.00
# Visual Studio Version 16
VisualStudioVersion = 16.0.29306.81
MinimumVisualStudioVersion = 10.0.40219.1
Project("{8BC9CEB8-8B4A-11D0-8D11-00A0C91BC942}") = "CGJ2019", "CGJ2019.vcxproj", "{BF50C8EA-F2FE-45D9-B12D-77F364D8BD69}"
EndProject
Global
	GlobalSection(SolutionConfigurationPlatforms) = preSolution
		Debug|x64 = Debug|x64
		Debug|x86 = Debug|x86
		Release|x64 = Release|x64
		Release|x86 = Release|x86
	EndGlobalSection
	GlobalSection(ProjectConfigurationPlatforms) = postSolution
		{BF50C8EA-F2FE-45D9-B12D-77F364D8BD69}.Debug|x64.ActiveCfg = Debug|x64
		{BF50C8EA-F2FE-45D9-B12D-77F364D8BD69}.Debug|x64.Build.0 = Debug|x64
		{BF50C8EA-F2FE-45D9-B12D-77F364D8BD69}.Debug|x86.ActiveCfg = Debug|Win32
		{BF50C8EA-F2FE-45D9-B12D-77F364D8BD69}.Debug|x86.Build.0 = Debug|Win32
		{BF50C8EA-F2FE-45D9-B12D-77F364D8BD69}.Release|x64.ActiveCfg = Release|x64
		{BF50C8EA-F2FE-45D9-B12D-77F364D8BD69}.Release|x64.Build.0 = Release|x64
		{BF50C8EA-F2FE-45D9-B12D-77F364D8BD69}.Release|x86.ActiveCfg = Release|Win32
		{BF50C8EA-F2FE-45D9-B12D-77F364D8BD69}.Release|x86.Build.0 = Release|Win32
	EndGlobalSection
	GlobalSection(SolutionProperties) = preSolution
		HideSolutionNode = FALSE
	EndGlobalSection
	GlobalSection(ExtensibilityGlobals) = postSolution
		SolutionGuid = {D167AB95-8875-4A2C-A4EE-F92C7FB3B20A}
	EndGlobalSection
EndGlobal
