<?xml version="1.0" encoding="utf-8"?>
<Project ToolsVersion="4.0" xmlns="http://schemas.microsoft.com/developer/msbuild/2003">
  <ItemGroup>
    <Filter Include="Source Files">
      <UniqueIdentifier>{4FC737F1-C7A5-4376-A066-2A32D752A2FF}</UniqueIdentifier>
      <Extensions>cpp;c;cc;cxx;def;odl;idl;hpj;bat;asm;asmx</Extensions>
    </Filter>
    <Filter Include="Header Files">
      <UniqueIdentifier>{93995380-89BD-4b04-88EB-625FBE52EBFB}</UniqueIdentifier>
      <Extensions>h;hh;hpp;hxx;hm;inl;inc;ipp;xsd</Extensions>
    </Filter>
    <Filter Include="Resource Files">
      <UniqueIdentifier>{67DA6AB6-F800-4c08-8B7A-83BB121AAD01}</UniqueIdentifier>
      <Extensions>rc;ico;cur;bmp;dlg;rc2;rct;bin;rgs;gif;jpg;jpeg;jpe;resx;tiff;tif;png;wav;mfcribbon-ms</Extensions>
    </Filter>
  </ItemGroup>
  <ItemGroup>
    <ClCompile Include="src\test\test.cpp">
      <Filter>Source Files</Filter>
    </ClCompile>
    <ClCompile Include="src\engine\math\mat_fact.cpp">
      <Filter>Source Files</Filter>
    </ClCompile>
    <ClCompile Include="src\engine\math\matrices.cpp">
      <Filter>Source Files</Filter>
    </ClCompile>
    <ClCompile Include="src\engine\math\vectors.cpp">
      <Filter>Source Files</Filter>
    </ClCompile>
    <ClCompile Include="src\main.cpp">
      <Filter>Source Files</Filter>
    </ClCompile>
    <ClCompile Include="src\engine\shader.cpp">
      <Filter>Source Files</Filter>
    </ClCompile>
    <ClCompile Include="src\engine\scene.cpp">
      <Filter>Source Files</Filter>
    </ClCompile>
    <ClCompile Include="src\engine\camera.cpp">
      <Filter>Source Files</Filter>
    </ClCompile>
    <ClCompile Include="src\engine\math\quaternions.cpp">
      <Filter>Source Files</Filter>
    </ClCompile>
    <ClCompile Include="src\engine\geometry\mesh.cpp">
      <Filter>Source Files</Filter>
    </ClCompile>
    <ClCompile Include="src\engine\geometry\object.cpp">
      <Filter>Source Files</Filter>
    </ClCompile>
    <ClCompile Include="src\engine\gl_engine.cpp">
      <Filter>Source Files</Filter>
    </ClCompile>
    <ClCompile Include="src\tangram.cpp">
      <Filter>Source Files</Filter>
    </ClCompile>
    <ClCompile Include="src\engine\texture.cpp">
      <Filter>Source Files</Filter>
    </ClCompile>
    <ClCompile Include="src\planar.cpp">
      <Filter>Source Files</Filter>
    </ClCompile>
    <ClCompile Include="src\bloom.cpp">
      <Filter>Source Files</Filter>
    </ClCompile>
    <ClCompile Include="src\engine\post-processing\sepia.cpp">
      <Filter>Source Files</Filter>
    </ClCompile>
    <ClCompile Include="src\rainy.cpp">
      <Filter>Source Files</Filter>
    </ClCompile>
    <ClCompile Include="src\window.cpp">
      <Filter>Source Files</Filter>
    </ClCompile>
    <ClCompile Include="src\wood.cpp">
      <Filter>Source Files</Filter>
    </ClCompile>
  </ItemGroup>
  <ItemGroup>
    <ClInclude Include="src\test\test.hpp">
      <Filter>Header Files</Filter>
    </ClInclude>
    <ClInclude Include="src\engine\math\mat_fact.hpp">
      <Filter>Header Files</Filter>
    </ClInclude>
    <ClInclude Include="src\engine\math\matrices.hpp">
      <Filter>Header Files</Filter>
    </ClInclude>
    <ClInclude Include="src\engine\math\vectors.hpp">
      <Filter>Header Files</Filter>
    </ClInclude>
    <ClInclude Include="src\engine\include.hpp">
      <Filter>Header Files</Filter>
    </ClInclude>
    <ClInclude Include="src\engine\geometry\object.hpp">
      <Filter>Header Files</Filter>
    </ClInclude>
    <ClInclude Include="src\engine\geometry\geometry.hpp">
      <Filter>Header Files</Filter>
    </ClInclude>
    <ClInclude Include="src\engine\vert_attr.hpp">
      <Filter>Header Files</Filter>
    </ClInclude>
    <ClInclude Include="src\engine\shader.hpp">
      <Filter>Header Files</Filter>
    </ClInclude>
    <ClInclude Include="src\engine\scene.hpp">
      <Filter>Header Files</Filter>
    </ClInclude>
    <ClInclude Include="src\engine\camera.hpp">
      <Filter>Header Files</Filter>
    </ClInclude>
    <ClInclude Include="src\engine\math\quaternions.hpp">
      <Filter>Header Files</Filter>
    </ClInclude>
    <ClInclude Include="src\engine\geometry\mesh.hpp">
      <Filter>Header Files</Filter>
    </ClInclude>
    <ClInclude Include="src\engine\manager\i_manager.hpp">
      <Filter>Header Files</Filter>
    </ClInclude>
    <ClInclude Include="src\engine\manager\shader_manager.hpp">
      <Filter>Header Files</Filter>
    </ClInclude>
    <ClInclude Include="src\engine\manager\mesh_manager.hpp">
      <Filter>Header Files</Filter>
    </ClInclude>
    <ClInclude Include="src\engine\manager\scene_manager.hpp">
      <Filter>Header Files</Filter>
    </ClInclude>
    <ClInclude Include="src\engine\gl_engine.hpp">
      <Filter>Header Files</Filter>
    </ClInclude>
    <ClInclude Include="src\engine\i_app.hpp">
      <Filter>Header Files</Filter>
    </ClInclude>
    <ClInclude Include="src\tangram.hpp">
      <Filter>Header Files</Filter>
    </ClInclude>
    <ClInclude Include="src\engine\texture.hpp">
      <Filter>Header Files</Filter>
    </ClInclude>
    <ClInclude Include="src\planar.hpp">
      <Filter>Header Files</Filter>
    </ClInclude>
    <ClInclude Include="src\bloom.hpp">
      <Filter>Header Files</Filter>
    </ClInclude>
    <ClInclude Include="src\engine\post-processing\sepia.hpp">
      <Filter>Header Files</Filter>
    </ClInclude>
    <ClInclude Include="src\rainy.hpp">
      <Filter>Header Files</Filter>
    </ClInclude>
    <ClInclude Include="src\window.hpp">
      <Filter>Header Files</Filter>
    </ClInclude>
    <ClInclude Include="src\wood.hpp">
      <Filter>Header Files</Filter>
    </ClInclude>
  </ItemGroup>
  <ItemGroup>
    <None Include="res\shaders\fragment.glsl">
      <Filter>Resource Files</Filter>
    </None>
    <None Include="res\shaders\vertex.glsl">
      <Filter>Resource Files</Filter>
    </None>
    <None Include="res\shaders\bright_vert.glsl">
      <Filter>Resource Files</Filter>
    </None>
    <None Include="res\shaders\bright_frag.glsl">
      <Filter>Resource Files</Filter>
    </None>
    <None Include="res\shaders\planar_frag.glsl">
      <Filter>Resource Files</Filter>
    </None>
    <None Include="res\shaders\bloom_frag.glsl">
      <Filter>Resource Files</Filter>
    </None>
    <None Include="res\shaders\bloom_vert.glsl">
      <Filter>Resource Files</Filter>
    </None>
    <None Include="res\shaders\blur_frag.glsl">
      <Filter>Resource Files</Filter>
    </None>
    <None Include="res\shaders\blur_vert.glsl">
      <Filter>Resource Files</Filter>
    </None>
    <None Include="res\shaders\sepia_vert.glsl">
      <Filter>Resource Files</Filter>
    </None>
    <None Include="res\shaders\sepia_frag.glsl">
      <Filter>Resource Files</Filter>
    </None>
    <None Include="res\shaders\filter_frag.glsl">
      <Filter>Resource Files</Filter>
    </None>
    <None Include="res\shaders\filter_vert.glsl">
      <Filter>Resource Files</Filter>
    </None>
    <None Include="res\shaders\planar_vert.glsl">
      <Filter>Resource Files</Filter>
    </None>
    <None Include="res\shaders\shadow_vert.glsl">
      <Filter>Resource Files</Filter>
    </None>
    <None Include="res\shaders\shadow_frag.glsl">
      <Filter>Resource Files</Filter>
    </None>
    <None Include="res\shaders\shadowstencil_vs.glsl">
      <Filter>Resource Files</Filter>
    </None>
    <None Include="res\shaders\shadowstencil_fs.glsl">
      <Filter>Resource Files</Filter>
    </None>
    <None Include="res\shaders\rainy_vs.glsl">
      <Filter>Resource Files</Filter>
    </None>
    <None Include="res\shaders\rainy_fs.glsl">
      <Filter>Resource Files</Filter>
    </None>
    <None Include="res\shaders\wood_fs.glsl">
      <Filter>Resource Files</Filter>
    </None>
    <None Include="res\shaders\wood_vs.glsl">
      <Filter>Resource Files</Filter>
    </None>
  </ItemGroup>
</Project>